
Microsoft Visual Studio Solution File, Format Version 12.00
# Visual Studio Version 16
VisualStudioVersion = 16.0.29920.165
MinimumVisualStudioVersion = 10.0.40219.1
Project("{FAE04EC0-301F-11D3-BF4B-00C04F79EFBC}") = "PROGitHubTest", "PROGitHubTest\PROGitHubTest.csproj", "{E285299E-AED6-4EB7-B756-8325EA60A567}"
EndProject
Global
	GlobalSection(SolutionConfigurationPlatforms) = preSolution
		Debug|Any CPU = Debug|Any CPU
		Release|Any CPU = Release|Any CPU
	EndGlobalSection
	GlobalSection(ProjectConfigurationPlatforms) = postSolution
		{E285299E-AED6-4EB7-B756-8325EA60A567}.Debug|Any CPU.ActiveCfg = Debug|Any CPU
		{E285299E-AED6-4EB7-B756-8325EA60A567}.Debug|Any CPU.Build.0 = Debug|Any CPU
		{E285299E-AED6-4EB7-B756-8325EA60A567}.Release|Any CPU.ActiveCfg = Release|Any CPU
		{E285299E-AED6-4EB7-B756-8325EA60A567}.Release|Any CPU.Build.0 = Release|Any CPU
	EndGlobalSection
	GlobalSection(SolutionProperties) = preSolution
		HideSolutionNode = FALSE
	EndGlobalSection
	GlobalSection(ExtensibilityGlobals) = postSolution
		SolutionGuid = {1B72F805-E252-4AC6-AC3A-CA938BECE964}
	EndGlobalSection
EndGlobal
